// !$*UTF8*$!
{
	archiveVersion = 1;
	classes = {
	};
	objectVersion = 77;
	objects = {

/* Begin PBXContainerItemProxy section */
		ACDC4A672CE751F100B7C49F /* PBXContainerItemProxy */ = {
			isa = PBXContainerItemProxy;
			containerPortal = ACDC4A482CE751EF00B7C49F /* Project object */;
			proxyType = 1;
			remoteGlobalIDString = ACDC4A4F2CE751EF00B7C49F;
			remoteInfo = Test_project;
		};
		ACDC4A712CE751F100B7C49F /* PBXContainerItemProxy */ = {
			isa = PBXContainerItemProxy;
			containerPortal = ACDC4A482CE751EF00B7C49F /* Project object */;
			proxyType = 1;
			remoteGlobalIDString = ACDC4A4F2CE751EF00B7C49F;
			remoteInfo = Test_project;
		};
/* End PBXContainerItemProxy section */

/* Begin PBXFileReference section */
		ACDC4A502CE751EF00B7C49F /* Test_project.app */ = {isa = PBXFileReference; explicitFileType = wrapper.application; includeInIndex = 0; path = Test_project.app; sourceTree = BUILT_PRODUCTS_DIR; };
		ACDC4A662CE751F100B7C49F /* Test_projectTests.xctest */ = {isa = PBXFileReference; explicitFileType = wrapper.cfbundle; includeInIndex = 0; path = Test_projectTests.xctest; sourceTree = BUILT_PRODUCTS_DIR; };
		ACDC4A702CE751F100B7C49F /* Test_projectUITests.xctest */ = {isa = PBXFileReference; explicitFileType = wrapper.cfbundle; includeInIndex = 0; path = Test_projectUITests.xctest; sourceTree = BUILT_PRODUCTS_DIR; };
/* End PBXFileReference section */

/* Begin PBXFileSystemSynchronizedBuildFileExceptionSet section */
		ACDC4A782CE751F100B7C49F /* Exceptions for "Test_project" folder in "Test_project" target */ = {
			isa = PBXFileSystemSynchronizedBuildFileExceptionSet;
			membershipExceptions = (
				Info.plist,
			);
			target = ACDC4A4F2CE751EF00B7C49F /* Test_project */;
		};
/* End PBXFileSystemSynchronizedBuildFileExceptionSet section */

/* Begin PBXFileSystemSynchronizedRootGroup section */
		ACDC4A522CE751EF00B7C49F /* Test_project */ = {
			isa = PBXFileSystemSynchronizedRootGroup;
			exceptions = (
				ACDC4A782CE751F100B7C49F /* Exceptions for "Test_project" folder in "Test_project" target */,
			);
			path = Test_project;
			sourceTree = "<group>";
		};
		ACDC4A692CE751F100B7C49F /* Test_projectTests */ = {
			isa = PBXFileSystemSynchronizedRootGroup;
			path = Test_projectTests;
			sourceTree = "<group>";
		};
		ACDC4A732CE751F100B7C49F /* Test_projectUITests */ = {
			isa = PBXFileSystemSynchronizedRootGroup;
			path = Test_projectUITests;
			sourceTree = "<group>";
		};
/* End PBXFileSystemSynchronizedRootGroup section */

/* Begin PBXFrameworksBuildPhase section */
		ACDC4A4D2CE751EF00B7C49F /* Frameworks */ = {
			isa = PBXFrameworksBuildPhase;
			buildActionMask = 2147483647;
			files = (
			);
			runOnlyForDeploymentPostprocessing = 0;
		};
		ACDC4A632CE751F100B7C49F /* Frameworks */ = {
			isa = PBXFrameworksBuildPhase;
			buildActionMask = 2147483647;
			files = (
			);
			runOnlyForDeploymentPostprocessing = 0;
		};
		ACDC4A6D2CE751F100B7C49F /* Frameworks */ = {
			isa = PBXFrameworksBuildPhase;
			buildActionMask = 2147483647;
			files = (
			);
			runOnlyForDeploymentPostprocessing = 0;
		};
/* End PBXFrameworksBuildPhase section */

/* Begin PBXGroup section */
		ACDC4A472CE751EF00B7C49F = {
			isa = PBXGroup;
			children = (
				ACDC4A522CE751EF00B7C49F /* Test_project */,
				ACDC4A692CE751F100B7C49F /* Test_projectTests */,
				ACDC4A732CE751F100B7C49F /* Test_projectUITests */,
				ACDC4A512CE751EF00B7C49F /* Products */,
			);
			sourceTree = "<group>";
		};
		ACDC4A512CE751EF00B7C49F /* Products */ = {
			isa = PBXGroup;
			children = (
				ACDC4A502CE751EF00B7C49F /* Test_project.app */,
				ACDC4A662CE751F100B7C49F /* Test_projectTests.xctest */,
				ACDC4A702CE751F100B7C49F /* Test_projectUITests.xctest */,
			);
			name = Products;
			sourceTree = "<group>";
		};
/* End PBXGroup section */

/* Begin PBXNativeTarget section */
		ACDC4A4F2CE751EF00B7C49F /* Test_project */ = {
			isa = PBXNativeTarget;
			buildConfigurationList = ACDC4A792CE751F100B7C49F /* Build configuration list for PBXNativeTarget "Test_project" */;
			buildPhases = (
				ACDC4A4C2CE751EF00B7C49F /* Sources */,
				ACDC4A4D2CE751EF00B7C49F /* Frameworks */,
				ACDC4A4E2CE751EF00B7C49F /* Resources */,
			);
			buildRules = (
			);
			dependencies = (
			);
			fileSystemSynchronizedGroups = (
				ACDC4A522CE751EF00B7C49F /* Test_project */,
			);
			name = Test_project;
			packageProductDependencies = (
			);
			productName = Test_project;
			productReference = ACDC4A502CE751EF00B7C49F /* Test_project.app */;
			productType = "com.apple.product-type.application";
		};
		ACDC4A652CE751F100B7C49F /* Test_projectTests */ = {
			isa = PBXNativeTarget;
			buildConfigurationList = ACDC4A7E2CE751F100B7C49F /* Build configuration list for PBXNativeTarget "Test_projectTests" */;
			buildPhases = (
				ACDC4A622CE751F100B7C49F /* Sources */,
				ACDC4A632CE751F100B7C49F /* Frameworks */,
				ACDC4A642CE751F100B7C49F /* Resources */,
			);
			buildRules = (
			);
			dependencies = (
				ACDC4A682CE751F100B7C49F /* PBXTargetDependency */,
			);
			fileSystemSynchronizedGroups = (
				ACDC4A692CE751F100B7C49F /* Test_projectTests */,
			);
			name = Test_projectTests;
			packageProductDependencies = (
			);
			productName = Test_projectTests;
			productReference = ACDC4A662CE751F100B7C49F /* Test_projectTests.xctest */;
			productType = "com.apple.product-type.bundle.unit-test";
		};
		ACDC4A6F2CE751F100B7C49F /* Test_projectUITests */ = {
			isa = PBXNativeTarget;
			buildConfigurationList = ACDC4A812CE751F100B7C49F /* Build configuration list for PBXNativeTarget "Test_projectUITests" */;
			buildPhases = (
				ACDC4A6C2CE751F100B7C49F /* Sources */,
				ACDC4A6D2CE751F100B7C49F /* Frameworks */,
				ACDC4A6E2CE751F100B7C49F /* Resources */,
			);
			buildRules = (
			);
			dependencies = (
				ACDC4A722CE751F100B7C49F /* PBXTargetDependency */,
			);
			fileSystemSynchronizedGroups = (
				ACDC4A732CE751F100B7C49F /* Test_projectUITests */,
			);
			name = Test_projectUITests;
			packageProductDependencies = (
			);
			productName = Test_projectUITests;
			productReference = ACDC4A702CE751F100B7C49F /* Test_projectUITests.xctest */;
			productType = "com.apple.product-type.bundle.ui-testing";
		};
/* End PBXNativeTarget section */

/* Begin PBXProject section */
		ACDC4A482CE751EF00B7C49F /* Project object */ = {
			isa = PBXProject;
			attributes = {
				BuildIndependentTargetsInParallel = 1;
				LastSwiftUpdateCheck = 1610;
				LastUpgradeCheck = 1610;
				TargetAttributes = {
					ACDC4A4F2CE751EF00B7C49F = {
						CreatedOnToolsVersion = 16.1;
					};
					ACDC4A652CE751F100B7C49F = {
						CreatedOnToolsVersion = 16.1;
						TestTargetID = ACDC4A4F2CE751EF00B7C49F;
					};
					ACDC4A6F2CE751F100B7C49F = {
						CreatedOnToolsVersion = 16.1;
						TestTargetID = ACDC4A4F2CE751EF00B7C49F;
					};
				};
			};
			buildConfigurationList = ACDC4A4B2CE751EF00B7C49F /* Build configuration list for PBXProject "Test_project" */;
			developmentRegion = en;
			hasScannedForEncodings = 0;
			knownRegions = (
				en,
				Base,
			);
			mainGroup = ACDC4A472CE751EF00B7C49F;
			minimizedProjectReferenceProxies = 1;
			preferredProjectObjectVersion = 77;
			productRefGroup = ACDC4A512CE751EF00B7C49F /* Products */;
			projectDirPath = "";
			projectRoot = "";
			targets = (
				ACDC4A4F2CE751EF00B7C49F /* Test_project */,
				ACDC4A652CE751F100B7C49F /* Test_projectTests */,
				ACDC4A6F2CE751F100B7C49F /* Test_projectUITests */,
			);
		};
/* End PBXProject section */

/* Begin PBXResourcesBuildPhase section */
		ACDC4A4E2CE751EF00B7C49F /* Resources */ = {
			isa = PBXResourcesBuildPhase;
			buildActionMask = 2147483647;
			files = (
			);
			runOnlyForDeploymentPostprocessing = 0;
		};
		ACDC4A642CE751F100B7C49F /* Resources */ = {
			isa = PBXResourcesBuildPhase;
			buildActionMask = 2147483647;
			files = (
			);
			runOnlyForDeploymentPostprocessing = 0;
		};
		ACDC4A6E2CE751F100B7C49F /* Resources */ = {
			isa = PBXResourcesBuildPhase;
			buildActionMask = 2147483647;
			files = (
			);
			runOnlyForDeploymentPostprocessing = 0;
		};
/* End PBXResourcesBuildPhase section */

/* Begin PBXSourcesBuildPhase section */
		ACDC4A4C2CE751EF00B7C49F /* Sources */ = {
			isa = PBXSourcesBuildPhase;
			buildActionMask = 2147483647;
			files = (
			);
			runOnlyForDeploymentPostprocessing = 0;
		};
		ACDC4A622CE751F100B7C49F /* Sources */ = {
			isa = PBXSourcesBuildPhase;
			buildActionMask = 2147483647;
			files = (
			);
			runOnlyForDeploymentPostprocessing = 0;
		};
		ACDC4A6C2CE751F100B7C49F /* Sources */ = {
			isa = PBXSourcesBuildPhase;
			buildActionMask = 2147483647;
			files = (
			);
			runOnlyForDeploymentPostprocessing = 0;
		};
/* End PBXSourcesBuildPhase section */

/* Begin PBXTargetDependency section */
		ACDC4A682CE751F100B7C49F /* PBXTargetDependency */ = {
			isa = PBXTargetDependency;
			target = ACDC4A4F2CE751EF00B7C49F /* Test_project */;
			targetProxy = ACDC4A672CE751F100B7C49F /* PBXContainerItemProxy */;
		};
		ACDC4A722CE751F100B7C49F /* PBXTargetDependency */ = {
			isa = PBXTargetDependency;
			target = ACDC4A4F2CE751EF00B7C49F /* Test_project */;
			targetProxy = ACDC4A712CE751F100B7C49F /* PBXContainerItemProxy */;
		};
/* End PBXTargetDependency section */

/* Begin XCBuildConfiguration section */
		ACDC4A7A2CE751F100B7C49F /* Debug */ = {
			isa = XCBuildConfiguration;
			buildSettings = {
				ASSETCATALOG_COMPILER_APPICON_NAME = AppIcon;
				ASSETCATALOG_COMPILER_GLOBAL_ACCENT_COLOR_NAME = AccentColor;
				CODE_SIGN_STYLE = Automatic;
				CURRENT_PROJECT_VERSION = 1;
				GENERATE_INFOPLIST_FILE = YES;
				INFOPLIST_FILE = Test_project/Info.plist;
				INFOPLIST_KEY_UIApplicationSupportsIndirectInputEvents = YES;
				INFOPLIST_KEY_UILaunchStoryboardName = LaunchScreen;
				INFOPLIST_KEY_UIMainStoryboardFile = Main;
				INFOPLIST_KEY_UISupportedInterfaceOrientations_iPad = "UIInterfaceOrientationPortrait UIInterfaceOrientationPortraitUpsideDown UIInterfaceOrientationLandscapeLeft UIInterfaceOrientationLandscapeRight";
				INFOPLIST_KEY_UISupportedInterfaceOrientations_iPhone = "UIInterfaceOrientationPortrait UIInterfaceOrientationLandscapeLeft UIInterfaceOrientationLandscapeRight";
				LD_RUNPATH_SEARCH_PATHS = (
					"$(inherited)",
					"@executable_path/Frameworks",
				);
				MARKETING_VERSION = 1.0;
				PRODUCT_BUNDLE_IDENTIFIER = "test.Test-project";
				PRODUCT_NAME = "$(TARGET_NAME)";
				SWIFT_EMIT_LOC_STRINGS = YES;
				SWIFT_VERSION = 5.0;
				TARGETED_DEVICE_FAMILY = "1,2";
			};
			name = Debug;
		};
		ACDC4A7B2CE751F100B7C49F /* Release */ = {
			isa = XCBuildConfiguration;
			buildSettings = {
				ASSETCATALOG_COMPILER_APPICON_NAME = AppIcon;
				ASSETCATALOG_COMPILER_GLOBAL_ACCENT_COLOR_NAME = AccentColor;
				CODE_SIGN_STYLE = Automatic;
				CURRENT_PROJECT_VERSION = 1;
				GENERATE_INFOPLIST_FILE = YES;
				INFOPLIST_FILE = Test_project/Info.plist;
				INFOPLIST_KEY_UIApplicationSupportsIndirectInputEvents = YES;
				INFOPLIST_KEY_UILaunchStoryboardName = LaunchScreen;
				INFOPLIST_KEY_UIMainStoryboardFile = Main;
				INFOPLIST_KEY_UISupportedInterfaceOrientations_iPad = "UIInterfaceOrientationPortrait UIInterfaceOrientationPortraitUpsideDown UIInterfaceOrientationLandscapeLeft UIInterfaceOrientationLandscapeRight";
				INFOPLIST_KEY_UISupportedInterfaceOrientations_iPhone = "UIInterfaceOrientationPortrait UIInterfaceOrientationLandscapeLeft UIInterfaceOrientationLandscapeRight";
				LD_RUNPATH_SEARCH_PATHS = (
					"$(inherited)",
					"@executable_path/Frameworks",
				);
				MARKETING_VERSION = 1.0;
				PRODUCT_BUNDLE_IDENTIFIER = "test.Test-project";
				PRODUCT_NAME = "$(TARGET_NAME)";
				SWIFT_EMIT_LOC_STRINGS = YES;
				SWIFT_VERSION = 5.0;
				TARGETED_DEVICE_FAMILY = "1,2";
			};
			name = Release;
		};
		ACDC4A7C2CE751F100B7C49F /* Debug */ = {
			isa = XCBuildConfiguration;
			buildSettings = {
				ALWAYS_SEARCH_USER_PATHS = NO;
				ASSETCATALOG_COMPILER_GENERATE_SWIFT_ASSET_SYMBOL_EXTENSIONS = YES;
				CLANG_ANALYZER_NONNULL = YES;
				CLANG_ANALYZER_NUMBER_OBJECT_CONVERSION = YES_AGGRESSIVE;
				CLANG_CXX_LANGUAGE_STANDARD = "gnu++20";
				CLANG_ENABLE_MODULES = YES;
				CLANG_ENABLE_OBJC_ARC = YES;
				CLANG_ENABLE_OBJC_WEAK = YES;
				CLANG_WARN_BLOCK_CAPTURE_AUTORELEASING = YES;
				CLANG_WARN_BOOL_CONVERSION = YES;
				CLANG_WARN_COMMA = YES;
				CLANG_WARN_CONSTANT_CONVERSION = YES;
				CLANG_WARN_DEPRECATED_OBJC_IMPLEMENTATIONS = YES;
				CLANG_WARN_DIRECT_OBJC_ISA_USAGE = YES_ERROR;
				CLANG_WARN_DOCUMENTATION_COMMENTS = YES;
				CLANG_WARN_EMPTY_BODY = YES;
				CLANG_WARN_ENUM_CONVERSION = YES;
				CLANG_WARN_INFINITE_RECURSION = YES;
				CLANG_WARN_INT_CONVERSION = YES;
				CLANG_WARN_NON_LITERAL_NULL_CONVERSION = YES;
				CLANG_WARN_OBJC_IMPLICIT_RETAIN_SELF = YES;
				CLANG_WARN_OBJC_LITERAL_CONVERSION = YES;
				CLANG_WARN_OBJC_ROOT_CLASS = YES_ERROR;
				CLANG_WARN_QUOTED_INCLUDE_IN_FRAMEWORK_HEADER = YES;
				CLANG_WARN_RANGE_LOOP_ANALYSIS = YES;
				CLANG_WARN_STRICT_PROTOTYPES = YES;
				CLANG_WARN_SUSPICIOUS_MOVE = YES;
				CLANG_WARN_UNGUARDED_AVAILABILITY = YES_AGGRESSIVE;
				CLANG_WARN_UNREACHABLE_CODE = YES;
				CLANG_WARN__DUPLICATE_METHOD_MATCH = YES;
				COPY_PHASE_STRIP = NO;
				DEBUG_INFORMATION_FORMAT = dwarf;
				ENABLE_STRICT_OBJC_MSGSEND = YES;
				ENABLE_TESTABILITY = YES;
				ENABLE_USER_SCRIPT_SANDBOXING = YES;
				GCC_C_LANGUAGE_STANDARD = gnu17;
				GCC_DYNAMIC_NO_PIC = NO;
				GCC_NO_COMMON_BLOCKS = YES;
				GCC_OPTIMIZATION_LEVEL = 0;
				GCC_PREPROCESSOR_DEFINITIONS = (
					"DEBUG=1",
					"$(inherited)",
				);
				GCC_WARN_64_TO_32_BIT_CONVERSION = YES;
				GCC_WARN_ABOUT_RETURN_TYPE = YES_ERROR;
				GCC_WARN_UNDECLARED_SELECTOR = YES;
				GCC_WARN_UNINITIALIZED_AUTOS = YES_AGGRESSIVE;
				GCC_WARN_UNUSED_FUNCTION = YES;
				GCC_WARN_UNUSED_VARIABLE = YES;
				IPHONEOS_DEPLOYMENT_TARGET = 18.1;
				LOCALIZATION_PREFERS_STRING_CATALOGS = YES;
				MTL_ENABLE_DEBUG_INFO = INCLUDE_SOURCE;
				MTL_FAST_MATH = YES;
				ONLY_ACTIVE_ARCH = YES;
				SDKROOT = iphoneos;
				SWIFT_ACTIVE_COMPILATION_CONDITIONS = "DEBUG $(inherited)";
				SWIFT_OPTIMIZATION_LEVEL = "-Onone";
			};
			name = Debug;
		};
		ACDC4A7D2CE751F100B7C49F /* Release */ = {
			isa = XCBuildConfiguration;
			buildSettings = {
				ALWAYS_SEARCH_USER_PATHS = NO;
				ASSETCATALOG_COMPILER_GENERATE_SWIFT_ASSET_SYMBOL_EXTENSIONS = YES;
				CLANG_ANALYZER_NONNULL = YES;
				CLANG_ANALYZER_NUMBER_OBJECT_CONVERSION = YES_AGGRESSIVE;
				CLANG_CXX_LANGUAGE_STANDARD = "gnu++20";
				CLANG_ENABLE_MODULES = YES;
				CLANG_ENABLE_OBJC_ARC = YES;
				CLANG_ENABLE_OBJC_WEAK = YES;
				CLANG_WARN_BLOCK_CAPTURE_AUTORELEASING = YES;
				CLANG_WARN_BOOL_CONVERSION = YES;
				CLANG_WARN_COMMA = YES;
				CLANG_WARN_CONSTANT_CONVERSION = YES;
				CLANG_WARN_DEPRECATED_OBJC_IMPLEMENTATIONS = YES;
				CLANG_WARN_DIRECT_OBJC_ISA_USAGE = YES_ERROR;
				CLANG_WARN_DOCUMENTATION_COMMENTS = YES;
				CLANG_WARN_EMPTY_BODY = YES;
				CLANG_WARN_ENUM_CONVERSION = YES;
				CLANG_WARN_INFINITE_RECURSION = YES;
				CLANG_WARN_INT_CONVERSION = YES;
				CLANG_WARN_NON_LITERAL_NULL_CONVERSION = YES;
				CLANG_WARN_OBJC_IMPLICIT_RETAIN_SELF = YES;
				CLANG_WARN_OBJC_LITERAL_CONVERSION = YES;
				CLANG_WARN_OBJC_ROOT_CLASS = YES_ERROR;
				CLANG_WARN_QUOTED_INCLUDE_IN_FRAMEWORK_HEADER = YES;
				CLANG_WARN_RANGE_LOOP_ANALYSIS = YES;
				CLANG_WARN_STRICT_PROTOTYPES = YES;
				CLANG_WARN_SUSPICIOUS_MOVE = YES;
				CLANG_WARN_UNGUARDED_AVAILABILITY = YES_AGGRESSIVE;
				CLANG_WARN_UNREACHABLE_CODE = YES;
				CLANG_WARN__DUPLICATE_METHOD_MATCH = YES;
				COPY_PHASE_STRIP = NO;
				DEBUG_INFORMATION_FORMAT = "dwarf-with-dsym";
				ENABLE_NS_ASSERTIONS = NO;
				ENABLE_STRICT_OBJC_MSGSEND = YES;
				ENABLE_USER_SCRIPT_SANDBOXING = YES;
				GCC_C_LANGUAGE_STANDARD = gnu17;
				GCC_NO_COMMON_BLOCKS = YES;
				GCC_WARN_64_TO_32_BIT_CONVERSION = YES;
				GCC_WARN_ABOUT_RETURN_TYPE = YES_ERROR;
				GCC_WARN_UNDECLARED_SELECTOR = YES;
				GCC_WARN_UNINITIALIZED_AUTOS = YES_AGGRESSIVE;
				GCC_WARN_UNUSED_FUNCTION = YES;
				GCC_WARN_UNUSED_VARIABLE = YES;
				IPHONEOS_DEPLOYMENT_TARGET = 18.1;
				LOCALIZATION_PREFERS_STRING_CATALOGS = YES;
				MTL_ENABLE_DEBUG_INFO = NO;
				MTL_FAST_MATH = YES;
				SDKROOT = iphoneos;
				SWIFT_COMPILATION_MODE = wholemodule;
				VALIDATE_PRODUCT = YES;
			};
			name = Release;
		};
		ACDC4A7F2CE751F100B7C49F /* Debug */ = {
			isa = XCBuildConfiguration;
			buildSettings = {
				BUNDLE_LOADER = "$(TEST_HOST)";
				CODE_SIGN_STYLE = Automatic;
				CURRENT_PROJECT_VERSION = 1;
				GENERATE_INFOPLIST_FILE = YES;
				IPHONEOS_DEPLOYMENT_TARGET = 18.1;
				MARKETING_VERSION = 1.0;
				PRODUCT_BUNDLE_IDENTIFIER = "test.Test-projectTests";
				PRODUCT_NAME = "$(TARGET_NAME)";
				SWIFT_EMIT_LOC_STRINGS = NO;
				SWIFT_VERSION = 5.0;
				TARGETED_DEVICE_FAMILY = "1,2";
				TEST_HOST = "$(BUILT_PRODUCTS_DIR)/Test_project.app/$(BUNDLE_EXECUTABLE_FOLDER_PATH)/Test_project";
			};
			name = Debug;
		};
		ACDC4A802CE751F100B7C49F /* Release */ = {
			isa = XCBuildConfiguration;
			buildSettings = {
				BUNDLE_LOADER = "$(TEST_HOST)";
				CODE_SIGN_STYLE = Automatic;
				CURRENT_PROJECT_VERSION = 1;
				GENERATE_INFOPLIST_FILE = YES;
				IPHONEOS_DEPLOYMENT_TARGET = 18.1;
				MARKETING_VERSION = 1.0;
				PRODUCT_BUNDLE_IDENTIFIER = "test.Test-projectTests";
				PRODUCT_NAME = "$(TARGET_NAME)";
				SWIFT_EMIT_LOC_STRINGS = NO;
				SWIFT_VERSION = 5.0;
				TARGETED_DEVICE_FAMILY = "1,2";
				TEST_HOST = "$(BUILT_PRODUCTS_DIR)/Test_project.app/$(BUNDLE_EXECUTABLE_FOLDER_PATH)/Test_project";
			};
			name = Release;
		};
		ACDC4A822CE751F100B7C49F /* Debug */ = {
			isa = XCBuildConfiguration;
			buildSettings = {
				CODE_SIGN_STYLE = Automatic;
				CURRENT_PROJECT_VERSION = 1;
				GENERATE_INFOPLIST_FILE = YES;
				MARKETING_VERSION = 1.0;
				PRODUCT_BUNDLE_IDENTIFIER = "test.Test-projectUITests";
				PRODUCT_NAME = "$(TARGET_NAME)";
				SWIFT_EMIT_LOC_STRINGS = NO;
				SWIFT_VERSION = 5.0;
				TARGETED_DEVICE_FAMILY = "1,2";
				TEST_TARGET_NAME = Test_project;
			};
			name = Debug;
		};
		ACDC4A832CE751F100B7C49F /* Release */ = {
			isa = XCBuildConfiguration;
			buildSettings = {
				CODE_SIGN_STYLE = Automatic;
				CURRENT_PROJECT_VERSION = 1;
				GENERATE_INFOPLIST_FILE = YES;
				MARKETING_VERSION = 1.0;
				PRODUCT_BUNDLE_IDENTIFIER = "test.Test-projectUITests";
				PRODUCT_NAME = "$(TARGET_NAME)";
				SWIFT_EMIT_LOC_STRINGS = NO;
				SWIFT_VERSION = 5.0;
				TARGETED_DEVICE_FAMILY = "1,2";
				TEST_TARGET_NAME = Test_project;
			};
			name = Release;
		};
/* End XCBuildConfiguration section */

/* Begin XCConfigurationList section */
		ACDC4A4B2CE751EF00B7C49F /* Build configuration list for PBXProject "Test_project" */ = {
			isa = XCConfigurationList;
			buildConfigurations = (
				ACDC4A7C2CE751F100B7C49F /* Debug */,
				ACDC4A7D2CE751F100B7C49F /* Release */,
			);
			defaultConfigurationIsVisible = 0;
			defaultConfigurationName = Release;
		};
		ACDC4A792CE751F100B7C49F /* Build configuration list for PBXNativeTarget "Test_project" */ = {
			isa = XCConfigurationList;
			buildConfigurations = (
				ACDC4A7A2CE751F100B7C49F /* Debug */,
				ACDC4A7B2CE751F100B7C49F /* Release */,
			);
			defaultConfigurationIsVisible = 0;
			defaultConfigurationName = Release;
		};
		ACDC4A7E2CE751F100B7C49F /* Build configuration list for PBXNativeTarget "Test_projectTests" */ = {
			isa = XCConfigurationList;
			buildConfigurations = (
				ACDC4A7F2CE751F100B7C49F /* Debug */,
				ACDC4A802CE751F100B7C49F /* Release */,
			);
			defaultConfigurationIsVisible = 0;
			defaultConfigurationName = Release;
		};
		ACDC4A812CE751F100B7C49F /* Build configuration list for PBXNativeTarget "Test_projectUITests" */ = {
			isa = XCConfigurationList;
			buildConfigurations = (
				ACDC4A822CE751F100B7C49F /* Debug */,
				ACDC4A832CE751F100B7C49F /* Release */,
			);
			defaultConfigurationIsVisible = 0;
			defaultConfigurationName = Release;
		};
/* End XCConfigurationList section */
	};
	rootObject = ACDC4A482CE751EF00B7C49F /* Project object */;
}
